
Microsoft Visual Studio Solution File, Format Version 12.00
# Visual Studio Version 17
VisualStudioVersion = 17.4.33122.133
MinimumVisualStudioVersion = 10.0.40219.1
Project("{FAE04EC0-301F-11D3-BF4B-00C04F79EFBC}") = "Homework_Karma", "Homework_Karma\Homework_Karma.csproj", "{32FD0660-BAB7-4DBE-87FD-9CAFFC0D568D}"
EndProject
Global
	GlobalSection(SolutionConfigurationPlatforms) = preSolution
		Debug|Any CPU = Debug|Any CPU
		Release|Any CPU = Release|Any CPU
	EndGlobalSection
	GlobalSection(ProjectConfigurationPlatforms) = postSolution
		{32FD0660-BAB7-4DBE-87FD-9CAFFC0D568D}.Debug|Any CPU.ActiveCfg = Debug|Any CPU
		{32FD0660-BAB7-4DBE-87FD-9CAFFC0D568D}.Debug|Any CPU.Build.0 = Debug|Any CPU
		{32FD0660-BAB7-4DBE-87FD-9CAFFC0D568D}.Release|Any CPU.ActiveCfg = Release|Any CPU
		{32FD0660-BAB7-4DBE-87FD-9CAFFC0D568D}.Release|Any CPU.Build.0 = Release|Any CPU
	EndGlobalSection
	GlobalSection(SolutionProperties) = preSolution
		HideSolutionNode = FALSE
	EndGlobalSection
	GlobalSection(ExtensibilityGlobals) = postSolution
		SolutionGuid = {5428E900-D806-4573-AC1A-E4054E29BC19}
	EndGlobalSection
EndGlobal
